
Microsoft Visual Studio Solution File, Format Version 12.00
# Visual Studio Version 16
VisualStudioVersion = 16.0.28803.156
MinimumVisualStudioVersion = 10.0.40219.1
Project("{8BC9CEB8-8B4A-11D0-8D11-00A0C91BC942}") = "CppPractice", "CppPractice\CppPractice.vcxproj", "{E261A95C-CCEC-41A6-A635-66A681B4DF96}"
EndProject
Global
	GlobalSection(SolutionConfigurationPlatforms) = preSolution
		Debug|x64 = Debug|x64
		Debug|x86 = Debug|x86
		Release|x64 = Release|x64
		Release|x86 = Release|x86
	EndGlobalSection
	GlobalSection(ProjectConfigurationPlatforms) = postSolution
		{E261A95C-CCEC-41A6-A635-66A681B4DF96}.Debug|x64.ActiveCfg = Debug|x64
		{E261A95C-CCEC-41A6-A635-66A681B4DF96}.Debug|x64.Build.0 = Debug|x64
		{E261A95C-CCEC-41A6-A635-66A681B4DF96}.Debug|x86.ActiveCfg = Debug|Win32
		{E261A95C-CCEC-41A6-A635-66A681B4DF96}.Debug|x86.Build.0 = Debug|Win32
		{E261A95C-CCEC-41A6-A635-66A681B4DF96}.Release|x64.ActiveCfg = Release|x64
		{E261A95C-CCEC-41A6-A635-66A681B4DF96}.Release|x64.Build.0 = Release|x64
		{E261A95C-CCEC-41A6-A635-66A681B4DF96}.Release|x86.ActiveCfg = Release|Win32
		{E261A95C-CCEC-41A6-A635-66A681B4DF96}.Release|x86.Build.0 = Release|Win32
	EndGlobalSection
	GlobalSection(SolutionProperties) = preSolution
		HideSolutionNode = FALSE
	EndGlobalSection
	GlobalSection(ExtensibilityGlobals) = postSolution
		SolutionGuid = {6B2C0F29-437E-4CDD-8D34-8397B0C63CE5}
	EndGlobalSection
EndGlobal
